
Microsoft Visual Studio Solution File, Format Version 12.00
# Visual Studio 2013
VisualStudioVersion = 12.0.40629.0
MinimumVisualStudioVersion = 10.0.40219.1
Project("{FAE04EC0-301F-11D3-BF4B-00C04F79EFBC}") = "Domain.Classes", "Domain.Classes\Domain.Classes.csproj", "{930008A8-B297-406F-8CEC-A86E8DCDCB7A}"
EndProject
Project("{FAE04EC0-301F-11D3-BF4B-00C04F79EFBC}") = "Common", "Req.Enums\Common.csproj", "{4106437C-3E7E-4181-AD32-245C56C19F57}"
EndProject
Project("{2150E333-8FDC-42A3-9474-1A3956D46DE8}") = "Req.Domain", "Req.Domain", "{7915BED9-052B-4B14-9CE7-BC56377848A2}"
EndProject
Project("{2150E333-8FDC-42A3-9474-1A3956D46DE8}") = "Req.Common", "Req.Common", "{8E0E91A1-8A2D-48A7-9211-88725A33368C}"
EndProject
Project("{2150E333-8FDC-42A3-9474-1A3956D46DE8}") = "Req.Data", "Req.Data", "{E14FEC26-728F-490F-B970-974288EA4F51}"
EndProject
Project("{FAE04EC0-301F-11D3-BF4B-00C04F79EFBC}") = "DataAccessLayer", "DataAccessLayer\DataAccessLayer.csproj", "{9BC182D4-CD10-4B52-A5AB-40429AA25199}"
EndProject
Project("{2150E333-8FDC-42A3-9474-1A3956D46DE8}") = "Req.Web", "Req.Web", "{D1178B47-73F8-4AAC-BAEE-DD18DC84D74A}"
EndProject
Project("{FAE04EC0-301F-11D3-BF4B-00C04F79EFBC}") = "RequestEnhancementQueue", "RequestEnhancementQueue\RequestEnhancementQueue.csproj", "{4402F616-89B4-4420-BB6E-F6B6F0681F13}"
EndProject
Project("{FAE04EC0-301F-11D3-BF4B-00C04F79EFBC}") = "RequestEnhancementQueue.Tests", "RequestEnhancementQueue.Tests\RequestEnhancementQueue.Tests.csproj", "{3A86B0F2-B9DB-4716-9F0D-8C7DC201C9F0}"
EndProject
Project("{2150E333-8FDC-42A3-9474-1A3956D46DE8}") = "Web", "Web", "{ACF63215-22E5-45E4-9E08-2F79658D3A7C}"
EndProject
Project("{2150E333-8FDC-42A3-9474-1A3956D46DE8}") = "Web.UnitTests", "Web.UnitTests", "{1C1FA369-2A59-46DC-A03D-0748F21F3C13}"
EndProject
Project("{2150E333-8FDC-42A3-9474-1A3956D46DE8}") = "Req.BLL", "Req.BLL", "{31837859-4D85-42B2-AF0E-4C1185A7B654}"
EndProject
Project("{FAE04EC0-301F-11D3-BF4B-00C04F79EFBC}") = "BusinessLogicLayer", "BusinessLogicLayer\BusinessLogicLayer.csproj", "{B8A67505-6607-4C32-A021-49476CD44AB0}"
EndProject
Global
	GlobalSection(SolutionConfigurationPlatforms) = preSolution
		Debug|Any CPU = Debug|Any CPU
		Release|Any CPU = Release|Any CPU
	EndGlobalSection
	GlobalSection(ProjectConfigurationPlatforms) = postSolution
		{930008A8-B297-406F-8CEC-A86E8DCDCB7A}.Debug|Any CPU.ActiveCfg = Debug|Any CPU
		{930008A8-B297-406F-8CEC-A86E8DCDCB7A}.Debug|Any CPU.Build.0 = Debug|Any CPU
		{930008A8-B297-406F-8CEC-A86E8DCDCB7A}.Release|Any CPU.ActiveCfg = Release|Any CPU
		{930008A8-B297-406F-8CEC-A86E8DCDCB7A}.Release|Any CPU.Build.0 = Release|Any CPU
		{4106437C-3E7E-4181-AD32-245C56C19F57}.Debug|Any CPU.ActiveCfg = Debug|Any CPU
		{4106437C-3E7E-4181-AD32-245C56C19F57}.Debug|Any CPU.Build.0 = Debug|Any CPU
		{4106437C-3E7E-4181-AD32-245C56C19F57}.Release|Any CPU.ActiveCfg = Release|Any CPU
		{4106437C-3E7E-4181-AD32-245C56C19F57}.Release|Any CPU.Build.0 = Release|Any CPU
		{9BC182D4-CD10-4B52-A5AB-40429AA25199}.Debug|Any CPU.ActiveCfg = Debug|Any CPU
		{9BC182D4-CD10-4B52-A5AB-40429AA25199}.Debug|Any CPU.Build.0 = Debug|Any CPU
		{9BC182D4-CD10-4B52-A5AB-40429AA25199}.Release|Any CPU.ActiveCfg = Release|Any CPU
		{9BC182D4-CD10-4B52-A5AB-40429AA25199}.Release|Any CPU.Build.0 = Release|Any CPU
		{4402F616-89B4-4420-BB6E-F6B6F0681F13}.Debug|Any CPU.ActiveCfg = Debug|Any CPU
		{4402F616-89B4-4420-BB6E-F6B6F0681F13}.Debug|Any CPU.Build.0 = Debug|Any CPU
		{4402F616-89B4-4420-BB6E-F6B6F0681F13}.Release|Any CPU.ActiveCfg = Release|Any CPU
		{4402F616-89B4-4420-BB6E-F6B6F0681F13}.Release|Any CPU.Build.0 = Release|Any CPU
		{3A86B0F2-B9DB-4716-9F0D-8C7DC201C9F0}.Debug|Any CPU.ActiveCfg = Debug|Any CPU
		{3A86B0F2-B9DB-4716-9F0D-8C7DC201C9F0}.Debug|Any CPU.Build.0 = Debug|Any CPU
		{3A86B0F2-B9DB-4716-9F0D-8C7DC201C9F0}.Release|Any CPU.ActiveCfg = Release|Any CPU
		{3A86B0F2-B9DB-4716-9F0D-8C7DC201C9F0}.Release|Any CPU.Build.0 = Release|Any CPU
		{B8A67505-6607-4C32-A021-49476CD44AB0}.Debug|Any CPU.ActiveCfg = Debug|Any CPU
		{B8A67505-6607-4C32-A021-49476CD44AB0}.Debug|Any CPU.Build.0 = Debug|Any CPU
		{B8A67505-6607-4C32-A021-49476CD44AB0}.Release|Any CPU.ActiveCfg = Release|Any CPU
		{B8A67505-6607-4C32-A021-49476CD44AB0}.Release|Any CPU.Build.0 = Release|Any CPU
	EndGlobalSection
	GlobalSection(SolutionProperties) = preSolution
		HideSolutionNode = FALSE
	EndGlobalSection
	GlobalSection(NestedProjects) = preSolution
		{930008A8-B297-406F-8CEC-A86E8DCDCB7A} = {7915BED9-052B-4B14-9CE7-BC56377848A2}
		{4106437C-3E7E-4181-AD32-245C56C19F57} = {8E0E91A1-8A2D-48A7-9211-88725A33368C}
		{9BC182D4-CD10-4B52-A5AB-40429AA25199} = {E14FEC26-728F-490F-B970-974288EA4F51}
		{4402F616-89B4-4420-BB6E-F6B6F0681F13} = {ACF63215-22E5-45E4-9E08-2F79658D3A7C}
		{3A86B0F2-B9DB-4716-9F0D-8C7DC201C9F0} = {1C1FA369-2A59-46DC-A03D-0748F21F3C13}
		{ACF63215-22E5-45E4-9E08-2F79658D3A7C} = {D1178B47-73F8-4AAC-BAEE-DD18DC84D74A}
		{1C1FA369-2A59-46DC-A03D-0748F21F3C13} = {D1178B47-73F8-4AAC-BAEE-DD18DC84D74A}
		{B8A67505-6607-4C32-A021-49476CD44AB0} = {31837859-4D85-42B2-AF0E-4C1185A7B654}
	EndGlobalSection
EndGlobal
